
Microsoft Visual Studio Solution File, Format Version 12.00
# Visual Studio Version 16
VisualStudioVersion = 16.0.29519.181
MinimumVisualStudioVersion = 10.0.40219.1
Project("{00D1A9C2-B5F0-4AF3-8072-F6C62B433612}") = "EmployeeManagement", "..\EmployeeManagement\EmployeeManagement.sqlproj", "{5202483F-26F6-4AB2-B2D1-F7E1FECC6220}"
EndProject
Project("{2150E333-8FDC-42A3-9474-1A3956D46DE8}") = "Solution Items", "Solution Items", "{51785716-1A23-4838-8E76-6F2D3F6DE864}"
	ProjectSection(SolutionItems) = preProject
		readme.md = readme.md
	EndProjectSection
EndProject
Project("{9A19103F-16F7-4668-BE54-9A1E7A4F7556}") = "WebAppChallenge", "WebAppChallenge\WebAppChallenge.csproj", "{8F355CC9-41AE-4671-A7D6-AE5E69E1E486}"
EndProject
Project("{9A19103F-16F7-4668-BE54-9A1E7A4F7556}") = "WebAppChallenge.Domain", "WebAppChallenge.Domain\WebAppChallenge.Domain.csproj", "{0217C510-EF7B-47FF-9581-F2442603F78C}"
EndProject
Project("{9A19103F-16F7-4668-BE54-9A1E7A4F7556}") = "WebAppChallenge.Factory", "WebAppChallenge.Factory\WebAppChallenge.Factory.csproj", "{F1B86ED9-1DC1-496D-8091-95D8CE187D7F}"
EndProject
Project("{9A19103F-16F7-4668-BE54-9A1E7A4F7556}") = "WebAppChallenge.Helper", "WebAppChallenge.Helper\WebAppChallenge.Helper.csproj", "{63F1C149-82D9-4B6E-B0D6-802ECA2BB7ED}"
EndProject
Project("{9A19103F-16F7-4668-BE54-9A1E7A4F7556}") = "WebAppChallenge.Model", "WebAppChallenge.Model\WebAppChallenge.Model.csproj", "{2E55C635-8361-43AC-9595-83893BFC860A}"
EndProject
Project("{9A19103F-16F7-4668-BE54-9A1E7A4F7556}") = "WebChallenge.Contracts", "WebChallenge.Contracts\WebChallenge.Contracts.csproj", "{F5FD98B2-0270-42DE-93F6-6F2590F024F4}"
EndProject
Project("{9A19103F-16F7-4668-BE54-9A1E7A4F7556}") = "WebChallenge.DB", "WebChallenge.DB\WebChallenge.DB.csproj", "{219249A2-3457-4303-8931-0ABA269550F4}"
EndProject
Project("{9A19103F-16F7-4668-BE54-9A1E7A4F7556}") = "WebChallenge.Repository", "WebChallenge.Repository\WebChallenge.Repository.csproj", "{FFE663FF-7EB2-4EDC-BE65-26FB6B1A34D9}"
EndProject
Global
	GlobalSection(SolutionConfigurationPlatforms) = preSolution
		Debug|Any CPU = Debug|Any CPU
		Release|Any CPU = Release|Any CPU
	EndGlobalSection
	GlobalSection(ProjectConfigurationPlatforms) = postSolution
		{5202483F-26F6-4AB2-B2D1-F7E1FECC6220}.Debug|Any CPU.ActiveCfg = Debug|Any CPU
		{5202483F-26F6-4AB2-B2D1-F7E1FECC6220}.Debug|Any CPU.Build.0 = Debug|Any CPU
		{5202483F-26F6-4AB2-B2D1-F7E1FECC6220}.Debug|Any CPU.Deploy.0 = Debug|Any CPU
		{5202483F-26F6-4AB2-B2D1-F7E1FECC6220}.Release|Any CPU.ActiveCfg = Release|Any CPU
		{5202483F-26F6-4AB2-B2D1-F7E1FECC6220}.Release|Any CPU.Build.0 = Release|Any CPU
		{5202483F-26F6-4AB2-B2D1-F7E1FECC6220}.Release|Any CPU.Deploy.0 = Release|Any CPU
		{8F355CC9-41AE-4671-A7D6-AE5E69E1E486}.Debug|Any CPU.ActiveCfg = Debug|Any CPU
		{8F355CC9-41AE-4671-A7D6-AE5E69E1E486}.Debug|Any CPU.Build.0 = Debug|Any CPU
		{8F355CC9-41AE-4671-A7D6-AE5E69E1E486}.Release|Any CPU.ActiveCfg = Release|Any CPU
		{8F355CC9-41AE-4671-A7D6-AE5E69E1E486}.Release|Any CPU.Build.0 = Release|Any CPU
		{0217C510-EF7B-47FF-9581-F2442603F78C}.Debug|Any CPU.ActiveCfg = Debug|Any CPU
		{0217C510-EF7B-47FF-9581-F2442603F78C}.Debug|Any CPU.Build.0 = Debug|Any CPU
		{0217C510-EF7B-47FF-9581-F2442603F78C}.Release|Any CPU.ActiveCfg = Release|Any CPU
		{0217C510-EF7B-47FF-9581-F2442603F78C}.Release|Any CPU.Build.0 = Release|Any CPU
		{F1B86ED9-1DC1-496D-8091-95D8CE187D7F}.Debug|Any CPU.ActiveCfg = Debug|Any CPU
		{F1B86ED9-1DC1-496D-8091-95D8CE187D7F}.Debug|Any CPU.Build.0 = Debug|Any CPU
		{F1B86ED9-1DC1-496D-8091-95D8CE187D7F}.Release|Any CPU.ActiveCfg = Release|Any CPU
		{F1B86ED9-1DC1-496D-8091-95D8CE187D7F}.Release|Any CPU.Build.0 = Release|Any CPU
		{63F1C149-82D9-4B6E-B0D6-802ECA2BB7ED}.Debug|Any CPU.ActiveCfg = Debug|Any CPU
		{63F1C149-82D9-4B6E-B0D6-802ECA2BB7ED}.Debug|Any CPU.Build.0 = Debug|Any CPU
		{63F1C149-82D9-4B6E-B0D6-802ECA2BB7ED}.Release|Any CPU.ActiveCfg = Release|Any CPU
		{63F1C149-82D9-4B6E-B0D6-802ECA2BB7ED}.Release|Any CPU.Build.0 = Release|Any CPU
		{2E55C635-8361-43AC-9595-83893BFC860A}.Debug|Any CPU.ActiveCfg = Debug|Any CPU
		{2E55C635-8361-43AC-9595-83893BFC860A}.Debug|Any CPU.Build.0 = Debug|Any CPU
		{2E55C635-8361-43AC-9595-83893BFC860A}.Release|Any CPU.ActiveCfg = Release|Any CPU
		{2E55C635-8361-43AC-9595-83893BFC860A}.Release|Any CPU.Build.0 = Release|Any CPU
		{F5FD98B2-0270-42DE-93F6-6F2590F024F4}.Debug|Any CPU.ActiveCfg = Debug|Any CPU
		{F5FD98B2-0270-42DE-93F6-6F2590F024F4}.Debug|Any CPU.Build.0 = Debug|Any CPU
		{F5FD98B2-0270-42DE-93F6-6F2590F024F4}.Release|Any CPU.ActiveCfg = Release|Any CPU
		{F5FD98B2-0270-42DE-93F6-6F2590F024F4}.Release|Any CPU.Build.0 = Release|Any CPU
		{219249A2-3457-4303-8931-0ABA269550F4}.Debug|Any CPU.ActiveCfg = Debug|Any CPU
		{219249A2-3457-4303-8931-0ABA269550F4}.Debug|Any CPU.Build.0 = Debug|Any CPU
		{219249A2-3457-4303-8931-0ABA269550F4}.Release|Any CPU.ActiveCfg = Release|Any CPU
		{219249A2-3457-4303-8931-0ABA269550F4}.Release|Any CPU.Build.0 = Release|Any CPU
		{FFE663FF-7EB2-4EDC-BE65-26FB6B1A34D9}.Debug|Any CPU.ActiveCfg = Debug|Any CPU
		{FFE663FF-7EB2-4EDC-BE65-26FB6B1A34D9}.Debug|Any CPU.Build.0 = Debug|Any CPU
		{FFE663FF-7EB2-4EDC-BE65-26FB6B1A34D9}.Release|Any CPU.ActiveCfg = Release|Any CPU
		{FFE663FF-7EB2-4EDC-BE65-26FB6B1A34D9}.Release|Any CPU.Build.0 = Release|Any CPU
	EndGlobalSection
	GlobalSection(SolutionProperties) = preSolution
		HideSolutionNode = FALSE
	EndGlobalSection
	GlobalSection(ExtensibilityGlobals) = postSolution
		SolutionGuid = {CB7138B8-B956-4DA9-95B2-E829C12B8286}
	EndGlobalSection
EndGlobal
